<?xml version="1.0" encoding="utf-8"?>
<Project ToolsVersion="4.0" xmlns="http://schemas.microsoft.com/developer/msbuild/2003">
  <ItemGroup>
    <Filter Include="src">
      <UniqueIdentifier>{2DAB880B-99B4-887C-2230-9F7C8E38947C}</UniqueIdentifier>
    </Filter>
    <Filter Include="src\GameEngine">
      <UniqueIdentifier>{8CEC7F4E-78BA-7354-614E-E47A4DBB4FB9}</UniqueIdentifier>
    </Filter>
    <Filter Include="src\GameEngine\Core">
      <UniqueIdentifier>{64C85E01-D029-3C0F-5997-82C1C5F772CE}</UniqueIdentifier>
    </Filter>
    <Filter Include="src\GameEngine\Events">
      <UniqueIdentifier>{F08254D9-5CEF-0FD4-25E3-A731910E323C}</UniqueIdentifier>
    </Filter>
    <Filter Include="src\GameEngine\ImGui">
      <UniqueIdentifier>{B69AA22D-A229-2CF7-4B48-40F237B63C9D}</UniqueIdentifier>
    </Filter>
    <Filter Include="src\GameEngine\Renderer">
      <UniqueIdentifier>{B20D7C77-1E45-C40E-274F-28329305EB07}</UniqueIdentifier>
    </Filter>
    <Filter Include="src\Platform">
      <UniqueIdentifier>{21CA02E5-0D2D-9289-B6B2-CA3FA2F45D0C}</UniqueIdentifier>
    </Filter>
    <Filter Include="src\Platform\OpenGL">
      <UniqueIdentifier>{35A49437-A105-7245-2A73-B8F796D3A804}</UniqueIdentifier>
    </Filter>
    <Filter Include="src\Platform\Windows">
      <UniqueIdentifier>{5B054582-4794-CE4B-F0B2-E246DC20DFF1}</UniqueIdentifier>
    </Filter>
    <Filter Include="vendor">
      <UniqueIdentifier>{B3738122-9F15-ACF8-88D0-BF4C74113349}</UniqueIdentifier>
    </Filter>
    <Filter Include="vendor\stb_image">
      <UniqueIdentifier>{0DA0BA59-F998-D9AB-22CB-BE300E23B9B7}</UniqueIdentifier>
    </Filter>
  </ItemGroup>
  <ItemGroup>
    <ClInclude Include="src\GameEngine.h">
      <Filter>src</Filter>
    </ClInclude>
    <ClInclude Include="src\GameEngine\Application.h">
      <Filter>src\GameEngine</Filter>
    </ClInclude>
    <ClInclude Include="src\GameEngine\Core.h">
      <Filter>src\GameEngine</Filter>
    </ClInclude>
    <ClInclude Include="src\GameEngine\Core\Timestep.h">
      <Filter>src\GameEngine\Core</Filter>
    </ClInclude>
    <ClInclude Include="src\GameEngine\EntryPoint.h">
      <Filter>src\GameEngine</Filter>
    </ClInclude>
    <ClInclude Include="src\GameEngine\Events\ApplicationEvent.h">
      <Filter>src\GameEngine\Events</Filter>
    </ClInclude>
    <ClInclude Include="src\GameEngine\Events\Event.h">
      <Filter>src\GameEngine\Events</Filter>
    </ClInclude>
    <ClInclude Include="src\GameEngine\Events\KeyEvent.h">
      <Filter>src\GameEngine\Events</Filter>
    </ClInclude>
    <ClInclude Include="src\GameEngine\Events\MouseEvent.h">
      <Filter>src\GameEngine\Events</Filter>
    </ClInclude>
    <ClInclude Include="src\GameEngine\ImGui\ImGuiLayer.h">
      <Filter>src\GameEngine\ImGui</Filter>
    </ClInclude>
    <ClInclude Include="src\GameEngine\Input.h">
      <Filter>src\GameEngine</Filter>
    </ClInclude>
    <ClInclude Include="src\GameEngine\KeyCodes.h">
      <Filter>src\GameEngine</Filter>
    </ClInclude>
    <ClInclude Include="src\GameEngine\Layer.h">
      <Filter>src\GameEngine</Filter>
    </ClInclude>
    <ClInclude Include="src\GameEngine\LayerStack.h">
      <Filter>src\GameEngine</Filter>
    </ClInclude>
    <ClInclude Include="src\GameEngine\Log.h">
      <Filter>src\GameEngine</Filter>
    </ClInclude>
    <ClInclude Include="src\GameEngine\MouseCodes.h">
      <Filter>src\GameEngine</Filter>
    </ClInclude>
    <ClInclude Include="src\GameEngine\Renderer\Buffer.h">
      <Filter>src\GameEngine\Renderer</Filter>
    </ClInclude>
    <ClInclude Include="src\GameEngine\Renderer\GraphicsContext.h">
      <Filter>src\GameEngine\Renderer</Filter>
    </ClInclude>
    <ClInclude Include="src\GameEngine\Renderer\OrthographicCamera.h">
      <Filter>src\GameEngine\Renderer</Filter>
    </ClInclude>
    <ClInclude Include="src\GameEngine\Renderer\RenderCommand.h">
      <Filter>src\GameEngine\Renderer</Filter>
    </ClInclude>
    <ClInclude Include="src\GameEngine\Renderer\Renderer.h">
      <Filter>src\GameEngine\Renderer</Filter>
    </ClInclude>
    <ClInclude Include="src\GameEngine\Renderer\RendererAPI.h">
      <Filter>src\GameEngine\Renderer</Filter>
    </ClInclude>
    <ClInclude Include="src\GameEngine\Renderer\Shader.h">
      <Filter>src\GameEngine\Renderer</Filter>
    </ClInclude>
    <ClInclude Include="src\GameEngine\Renderer\Texture.h">
      <Filter>src\GameEngine\Renderer</Filter>
    </ClInclude>
    <ClInclude Include="src\GameEngine\Renderer\VertexArray.h">
      <Filter>src\GameEngine\Renderer</Filter>
    </ClInclude>
    <ClInclude Include="src\GameEngine\Window.h">
      <Filter>src\GameEngine</Filter>
    </ClInclude>
    <ClInclude Include="src\Platform\OpenGL\OpenGLBuffer.h">
      <Filter>src\Platform\OpenGL</Filter>
    </ClInclude>
    <ClInclude Include="src\Platform\OpenGL\OpenGLContext.h">
      <Filter>src\Platform\OpenGL</Filter>
    </ClInclude>
    <ClInclude Include="src\Platform\OpenGL\OpenGLRendererAPI.h">
      <Filter>src\Platform\OpenGL</Filter>
    </ClInclude>
    <ClInclude Include="src\Platform\OpenGL\OpenGLShader.h">
      <Filter>src\Platform\OpenGL</Filter>
    </ClInclude>
    <ClInclude Include="src\Platform\OpenGL\OpenGLTexture.h">
      <Filter>src\Platform\OpenGL</Filter>
    </ClInclude>
    <ClInclude Include="src\Platform\OpenGL\OpenGLVertexArray.h">
      <Filter>src\Platform\OpenGL</Filter>
    </ClInclude>
    <ClInclude Include="src\Platform\Windows\WindowsWindow.h">
      <Filter>src\Platform\Windows</Filter>
    </ClInclude>
    <ClInclude Include="src\gepch.h">
      <Filter>src</Filter>
    </ClInclude>
    <ClInclude Include="vendor\stb_image\stb_image.h">
      <Filter>vendor\stb_image</Filter>
    </ClInclude>
  </ItemGroup>
  <ItemGroup>
    <ClCompile Include="src\GameEngine\Application.cpp">
      <Filter>src\GameEngine</Filter>
    </ClCompile>
    <ClCompile Include="src\GameEngine\ImGui\ImGuiBuild.cpp">
      <Filter>src\GameEngine\ImGui</Filter>
    </ClCompile>
    <ClCompile Include="src\GameEngine\ImGui\ImGuiLayer.cpp">
      <Filter>src\GameEngine\ImGui</Filter>
    </ClCompile>
    <ClCompile Include="src\GameEngine\Layer.cpp">
      <Filter>src\GameEngine</Filter>
    </ClCompile>
    <ClCompile Include="src\GameEngine\LayerStack.cpp">
      <Filter>src\GameEngine</Filter>
    </ClCompile>
    <ClCompile Include="src\GameEngine\Log.cpp">
      <Filter>src\GameEngine</Filter>
    </ClCompile>
    <ClCompile Include="src\GameEngine\Renderer\Buffer.cpp">
      <Filter>src\GameEngine\Renderer</Filter>
    </ClCompile>
    <ClCompile Include="src\GameEngine\Renderer\GraphicsContext.cpp">
      <Filter>src\GameEngine\Renderer</Filter>
    </ClCompile>
    <ClCompile Include="src\GameEngine\Renderer\OrthographicCamera.cpp">
      <Filter>src\GameEngine\Renderer</Filter>
    </ClCompile>
    <ClCompile Include="src\GameEngine\Renderer\RenderComman.cpp">
      <Filter>src\GameEngine\Renderer</Filter>
    </ClCompile>
    <ClCompile Include="src\GameEngine\Renderer\Renderer.cpp">
      <Filter>src\GameEngine\Renderer</Filter>
    </ClCompile>
    <ClCompile Include="src\GameEngine\Renderer\RendererAPI.cpp">
      <Filter>src\GameEngine\Renderer</Filter>
    </ClCompile>
    <ClCompile Include="src\GameEngine\Renderer\Shader.cpp">
      <Filter>src\GameEngine\Renderer</Filter>
    </ClCompile>
    <ClCompile Include="src\GameEngine\Renderer\Texture.cpp">
      <Filter>src\GameEngine\Renderer</Filter>
    </ClCompile>
    <ClCompile Include="src\GameEngine\Renderer\VertexArray.cpp">
      <Filter>src\GameEngine\Renderer</Filter>
    </ClCompile>
    <ClCompile Include="src\Platform\OpenGL\OpenGLBuffer.cpp">
      <Filter>src\Platform\OpenGL</Filter>
    </ClCompile>
    <ClCompile Include="src\Platform\OpenGL\OpenGLContext.cpp">
      <Filter>src\Platform\OpenGL</Filter>
    </ClCompile>
    <ClCompile Include="src\Platform\OpenGL\OpenGLRendererAPI.cpp">
      <Filter>src\Platform\OpenGL</Filter>
    </ClCompile>
    <ClCompile Include="src\Platform\OpenGL\OpenGLShader.cpp">
      <Filter>src\Platform\OpenGL</Filter>
    </ClCompile>
    <ClCompile Include="src\Platform\OpenGL\OpenGLTexture.cpp">
      <Filter>src\Platform\OpenGL</Filter>
    </ClCompile>
    <ClCompile Include="src\Platform\OpenGL\OpenGLVertexArray.cpp">
      <Filter>src\Platform\OpenGL</Filter>
    </ClCompile>
    <ClCompile Include="src\Platform\Windows\WindowsInput.cpp">
      <Filter>src\Platform\Windows</Filter>
    </ClCompile>
    <ClCompile Include="src\Platform\Windows\WindowsWindow.cpp">
      <Filter>src\Platform\Windows</Filter>
    </ClCompile>
    <ClCompile Include="src\gepch.cpp">
      <Filter>src</Filter>
    </ClCompile>
    <ClCompile Include="vendor\stb_image\stb_image.cpp">
      <Filter>vendor\stb_image</Filter>
    </ClCompile>
  </ItemGroup>
</Project>